
Microsoft Visual Studio Solution File, Format Version 12.00
# Visual Studio Version 17
VisualStudioVersion = 17.11.35208.52
MinimumVisualStudioVersion = 10.0.40219.1
Project("{FAE04EC0-301F-11D3-BF4B-00C04F79EFBC}") = "Codity", "Codity.csproj", "{AC100AA9-A1BF-4329-884F-5B900E460AD8}"
EndProject
Project("{FAE04EC0-301F-11D3-BF4B-00C04F79EFBC}") = "UnitTest", "..\UnitTest\UnitTest.csproj", "{4514B200-99B3-427B-8564-89F30A4E55E1}"
EndProject
Global
	GlobalSection(SolutionConfigurationPlatforms) = preSolution
		Debug|Any CPU = Debug|Any CPU
		Release|Any CPU = Release|Any CPU
	EndGlobalSection
	GlobalSection(ProjectConfigurationPlatforms) = postSolution
		{AC100AA9-A1BF-4329-884F-5B900E460AD8}.Debug|Any CPU.ActiveCfg = Debug|Any CPU
		{AC100AA9-A1BF-4329-884F-5B900E460AD8}.Debug|Any CPU.Build.0 = Debug|Any CPU
		{AC100AA9-A1BF-4329-884F-5B900E460AD8}.Release|Any CPU.ActiveCfg = Release|Any CPU
		{AC100AA9-A1BF-4329-884F-5B900E460AD8}.Release|Any CPU.Build.0 = Release|Any CPU
		{4514B200-99B3-427B-8564-89F30A4E55E1}.Debug|Any CPU.ActiveCfg = Debug|Any CPU
		{4514B200-99B3-427B-8564-89F30A4E55E1}.Debug|Any CPU.Build.0 = Debug|Any CPU
		{4514B200-99B3-427B-8564-89F30A4E55E1}.Release|Any CPU.ActiveCfg = Release|Any CPU
		{4514B200-99B3-427B-8564-89F30A4E55E1}.Release|Any CPU.Build.0 = Release|Any CPU
	EndGlobalSection
	GlobalSection(SolutionProperties) = preSolution
		HideSolutionNode = FALSE
	EndGlobalSection
	GlobalSection(ExtensibilityGlobals) = postSolution
		SolutionGuid = {E646F10F-D7D9-4EB6-8D68-FFAB152E1D01}
	EndGlobalSection
EndGlobal
